
Microsoft Visual Studio Solution File, Format Version 12.00
# Visual Studio Version 17
VisualStudioVersion = 17.8.34525.116
MinimumVisualStudioVersion = 10.0.40219.1
Project("{FAE04EC0-301F-11D3-BF4B-00C04F79EFBC}") = "mayinTarlasi", "mayinTarlasi\mayinTarlasi.csproj", "{F148B311-42E8-4BC2-93B1-3508D4F32213}"
EndProject
Global
	GlobalSection(SolutionConfigurationPlatforms) = preSolution
		Debug|Any CPU = Debug|Any CPU
		Release|Any CPU = Release|Any CPU
	EndGlobalSection
	GlobalSection(ProjectConfigurationPlatforms) = postSolution
		{F148B311-42E8-4BC2-93B1-3508D4F32213}.Debug|Any CPU.ActiveCfg = Debug|Any CPU
		{F148B311-42E8-4BC2-93B1-3508D4F32213}.Debug|Any CPU.Build.0 = Debug|Any CPU
		{F148B311-42E8-4BC2-93B1-3508D4F32213}.Release|Any CPU.ActiveCfg = Release|Any CPU
		{F148B311-42E8-4BC2-93B1-3508D4F32213}.Release|Any CPU.Build.0 = Release|Any CPU
	EndGlobalSection
	GlobalSection(SolutionProperties) = preSolution
		HideSolutionNode = FALSE
	EndGlobalSection
	GlobalSection(ExtensibilityGlobals) = postSolution
		SolutionGuid = {3FC30606-3CD1-4309-AE82-871EA175D9B3}
	EndGlobalSection
EndGlobal
